
Microsoft Visual Studio Solution File, Format Version 12.00
# Visual Studio Version 16
VisualStudioVersion = 16.0.31424.327
MinimumVisualStudioVersion = 10.0.40219.1
Project("{FAE04EC0-301F-11D3-BF4B-00C04F79EFBC}") = "VISTA ROBOT", "COM\VISTA ROBOT.csproj", "{AB5C9E5C-5CEA-49EB-A349-57B8E95807D0}"
EndProject
Project("{2150E333-8FDC-42A3-9474-1A3956D46DE8}") = "Solution Items", "Solution Items", "{BED6A954-EE3D-4743-A619-F888ADD0C2CD}"
	ProjectSection(SolutionItems) = preProject
		Y2KeyboardHook.cs = Y2KeyboardHook.cs
	EndProjectSection
EndProject
Global
	GlobalSection(SolutionConfigurationPlatforms) = preSolution
		Debug|Any CPU = Debug|Any CPU
		Release|Any CPU = Release|Any CPU
	EndGlobalSection
	GlobalSection(ProjectConfigurationPlatforms) = postSolution
		{AB5C9E5C-5CEA-49EB-A349-57B8E95807D0}.Debug|Any CPU.ActiveCfg = Debug|Any CPU
		{AB5C9E5C-5CEA-49EB-A349-57B8E95807D0}.Debug|Any CPU.Build.0 = Debug|Any CPU
		{AB5C9E5C-5CEA-49EB-A349-57B8E95807D0}.Release|Any CPU.ActiveCfg = Release|Any CPU
		{AB5C9E5C-5CEA-49EB-A349-57B8E95807D0}.Release|Any CPU.Build.0 = Release|Any CPU
	EndGlobalSection
	GlobalSection(SolutionProperties) = preSolution
		HideSolutionNode = FALSE
	EndGlobalSection
	GlobalSection(ExtensibilityGlobals) = postSolution
		SolutionGuid = {87AD0DBD-3DDB-4A5F-981C-07678364AF73}
	EndGlobalSection
EndGlobal
